
Microsoft Visual Studio Solution File, Format Version 12.00
Project("{FAE04EC0-301F-11D3-BF4B-00C04F79EFBC}") = "SoundSystemSolutionTest", "SoundSystemSolutionTest\SoundSystemSolutionTest.csproj", "{4908342E-D174-473A-941C-0AA2F71A63E8}"
EndProject
Global
	GlobalSection(SolutionConfigurationPlatforms) = preSolution
		Debug|Any CPU = Debug|Any CPU
		Release|Any CPU = Release|Any CPU
	EndGlobalSection
	GlobalSection(ProjectConfigurationPlatforms) = postSolution
		{4908342E-D174-473A-941C-0AA2F71A63E8}.Debug|Any CPU.ActiveCfg = Debug|Any CPU
		{4908342E-D174-473A-941C-0AA2F71A63E8}.Debug|Any CPU.Build.0 = Debug|Any CPU
		{4908342E-D174-473A-941C-0AA2F71A63E8}.Release|Any CPU.ActiveCfg = Release|Any CPU
		{4908342E-D174-473A-941C-0AA2F71A63E8}.Release|Any CPU.Build.0 = Release|Any CPU
	EndGlobalSection
EndGlobal
